// !$*UTF8*$!
{
	archiveVersion = 1;
	classes = {
	};
	objectVersion = 46;
	objects = {

/* Begin PBXBuildFile section */
		0F6380E81BDE5AEE000D3615 /* AppDelegate.swift in Sources */ = {isa = PBXBuildFile; fileRef = 0F6380E71BDE5AEE000D3615 /* AppDelegate.swift */; };
		0F6380EA1BDE5AEE000D3615 /* ViewController.swift in Sources */ = {isa = PBXBuildFile; fileRef = 0F6380E91BDE5AEE000D3615 /* ViewController.swift */; };
		0F6380ED1BDE5AEE000D3615 /* Main.storyboard in Resources */ = {isa = PBXBuildFile; fileRef = 0F6380EB1BDE5AEE000D3615 /* Main.storyboard */; };
		0F6380EF1BDE5AEE000D3615 /* Assets.xcassets in Resources */ = {isa = PBXBuildFile; fileRef = 0F6380EE1BDE5AEE000D3615 /* Assets.xcassets */; };
		0F6380F21BDE5AEE000D3615 /* LaunchScreen.storyboard in Resources */ = {isa = PBXBuildFile; fileRef = 0F6380F01BDE5AEE000D3615 /* LaunchScreen.storyboard */; };
		0F6380FD1BDE5AEE000D3615 /* FibonacciAppTests.swift in Sources */ = {isa = PBXBuildFile; fileRef = 0F6380FC1BDE5AEE000D3615 /* FibonacciAppTests.swift */; };
		0F6381081BDE5AEE000D3615 /* FibonacciAppUITests.swift in Sources */ = {isa = PBXBuildFile; fileRef = 0F6381071BDE5AEE000D3615 /* FibonacciAppUITests.swift */; };
/* End PBXBuildFile section */

/* Begin PBXContainerItemProxy section */
		0F6380F91BDE5AEE000D3615 /* PBXContainerItemProxy */ = {
			isa = PBXContainerItemProxy;
			containerPortal = 0F6380DC1BDE5AEE000D3615 /* Project object */;
			proxyType = 1;
			remoteGlobalIDString = 0F6380E31BDE5AEE000D3615;
			remoteInfo = FibonacciApp;
		};
		0F6381041BDE5AEE000D3615 /* PBXContainerItemProxy */ = {
			isa = PBXContainerItemProxy;
			containerPortal = 0F6380DC1BDE5AEE000D3615 /* Project object */;
			proxyType = 1;
			remoteGlobalIDString = 0F6380E31BDE5AEE000D3615;
			remoteInfo = FibonacciApp;
		};
/* End PBXContainerItemProxy section */

/* Begin PBXFileReference section */
		0F6380E41BDE5AEE000D3615 /* FibonacciApp.app */ = {isa = PBXFileReference; explicitFileType = wrapper.application; includeInIndex = 0; path = FibonacciApp.app; sourceTree = BUILT_PRODUCTS_DIR; };
		0F6380E71BDE5AEE000D3615 /* AppDelegate.swift */ = {isa = PBXFileReference; lastKnownFileType = sourcecode.swift; path = AppDelegate.swift; sourceTree = "<group>"; };
		0F6380E91BDE5AEE000D3615 /* ViewController.swift */ = {isa = PBXFileReference; lastKnownFileType = sourcecode.swift; path = ViewController.swift; sourceTree = "<group>"; };
		0F6380EC1BDE5AEE000D3615 /* Base */ = {isa = PBXFileReference; lastKnownFileType = file.storyboard; name = Base; path = Base.lproj/Main.storyboard; sourceTree = "<group>"; };
		0F6380EE1BDE5AEE000D3615 /* Assets.xcassets */ = {isa = PBXFileReference; lastKnownFileType = folder.assetcatalog; path = Assets.xcassets; sourceTree = "<group>"; };
		0F6380F11BDE5AEE000D3615 /* Base */ = {isa = PBXFileReference; lastKnownFileType = file.storyboard; name = Base; path = Base.lproj/LaunchScreen.storyboard; sourceTree = "<group>"; };
		0F6380F31BDE5AEE000D3615 /* Info.plist */ = {isa = PBXFileReference; lastKnownFileType = text.plist.xml; path = Info.plist; sourceTree = "<group>"; };
		0F6380F81BDE5AEE000D3615 /* FibonacciAppTests.xctest */ = {isa = PBXFileReference; explicitFileType = wrapper.cfbundle; includeInIndex = 0; path = FibonacciAppTests.xctest; sourceTree = BUILT_PRODUCTS_DIR; };
		0F6380FC1BDE5AEE000D3615 /* FibonacciAppTests.swift */ = {isa = PBXFileReference; lastKnownFileType = sourcecode.swift; path = FibonacciAppTests.swift; sourceTree = "<group>"; };
		0F6380FE1BDE5AEE000D3615 /* Info.plist */ = {isa = PBXFileReference; lastKnownFileType = text.plist.xml; path = Info.plist; sourceTree = "<group>"; };
		0F6381031BDE5AEE000D3615 /* FibonacciAppUITests.xctest */ = {isa = PBXFileReference; explicitFileType = wrapper.cfbundle; includeInIndex = 0; path = FibonacciAppUITests.xctest; sourceTree = BUILT_PRODUCTS_DIR; };
		0F6381071BDE5AEE000D3615 /* FibonacciAppUITests.swift */ = {isa = PBXFileReference; lastKnownFileType = sourcecode.swift; path = FibonacciAppUITests.swift; sourceTree = "<group>"; };
		0F6381091BDE5AEE000D3615 /* Info.plist */ = {isa = PBXFileReference; lastKnownFileType = text.plist.xml; path = Info.plist; sourceTree = "<group>"; };
/* End PBXFileReference section */

/* Begin PBXFrameworksBuildPhase section */
		0F6380E11BDE5AEE000D3615 /* Frameworks */ = {
			isa = PBXFrameworksBuildPhase;
			buildActionMask = 2147483647;
			files = (
			);
			runOnlyForDeploymentPostprocessing = 0;
		};
		0F6380F51BDE5AEE000D3615 /* Frameworks */ = {
			isa = PBXFrameworksBuildPhase;
			buildActionMask = 2147483647;
			files = (
			);
			runOnlyForDeploymentPostprocessing = 0;
		};
		0F6381001BDE5AEE000D3615 /* Frameworks */ = {
			isa = PBXFrameworksBuildPhase;
			buildActionMask = 2147483647;
			files = (
			);
			runOnlyForDeploymentPostprocessing = 0;
		};
/* End PBXFrameworksBuildPhase section */

/* Begin PBXGroup section */
		0F6380DB1BDE5AEE000D3615 = {
			isa = PBXGroup;
			children = (
				0F6380E61BDE5AEE000D3615 /* FibonacciApp */,
				0F6380FB1BDE5AEE000D3615 /* FibonacciAppTests */,
				0F6381061BDE5AEE000D3615 /* FibonacciAppUITests */,
				0F6380E51BDE5AEE000D3615 /* Products */,
			);
			sourceTree = "<group>";
		};
		0F6380E51BDE5AEE000D3615 /* Products */ = {
			isa = PBXGroup;
			children = (
				0F6380E41BDE5AEE000D3615 /* FibonacciApp.app */,
				0F6380F81BDE5AEE000D3615 /* FibonacciAppTests.xctest */,
				0F6381031BDE5AEE000D3615 /* FibonacciAppUITests.xctest */,
			);
			name = Products;
			sourceTree = "<group>";
		};
		0F6380E61BDE5AEE000D3615 /* FibonacciApp */ = {
			isa = PBXGroup;
			children = (
				0F6380E71BDE5AEE000D3615 /* AppDelegate.swift */,
				0F6380E91BDE5AEE000D3615 /* ViewController.swift */,
				0F6380EB1BDE5AEE000D3615 /* Main.storyboard */,
				0F6380EE1BDE5AEE000D3615 /* Assets.xcassets */,
				0F6380F01BDE5AEE000D3615 /* LaunchScreen.storyboard */,
				0F6380F31BDE5AEE000D3615 /* Info.plist */,
			);
			path = FibonacciApp;
			sourceTree = "<group>";
		};
		0F6380FB1BDE5AEE000D3615 /* FibonacciAppTests */ = {
			isa = PBXGroup;
			children = (
				0F6380FC1BDE5AEE000D3615 /* FibonacciAppTests.swift */,
				0F6380FE1BDE5AEE000D3615 /* Info.plist */,
			);
			path = FibonacciAppTests;
			sourceTree = "<group>";
		};
		0F6381061BDE5AEE000D3615 /* FibonacciAppUITests */ = {
			isa = PBXGroup;
			children = (
				0F6381071BDE5AEE000D3615 /* FibonacciAppUITests.swift */,
				0F6381091BDE5AEE000D3615 /* Info.plist */,
			);
			path = FibonacciAppUITests;
			sourceTree = "<group>";
		};
/* End PBXGroup section */

/* Begin PBXNativeTarget section */
		0F6380E31BDE5AEE000D3615 /* FibonacciApp */ = {
			isa = PBXNativeTarget;
			buildConfigurationList = 0F63810C1BDE5AEE000D3615 /* Build configuration list for PBXNativeTarget "FibonacciApp" */;
			buildPhases = (
				0F6380E01BDE5AEE000D3615 /* Sources */,
				0F6380E11BDE5AEE000D3615 /* Frameworks */,
				0F6380E21BDE5AEE000D3615 /* Resources */,
			);
			buildRules = (
			);
			dependencies = (
			);
			name = FibonacciApp;
			productName = FibonacciApp;
			productReference = 0F6380E41BDE5AEE000D3615 /* FibonacciApp.app */;
			productType = "com.apple.product-type.application";
		};
		0F6380F71BDE5AEE000D3615 /* FibonacciAppTests */ = {
			isa = PBXNativeTarget;
			buildConfigurationList = 0F63810F1BDE5AEE000D3615 /* Build configuration list for PBXNativeTarget "FibonacciAppTests" */;
			buildPhases = (
				0F6380F41BDE5AEE000D3615 /* Sources */,
				0F6380F51BDE5AEE000D3615 /* Frameworks */,
				0F6380F61BDE5AEE000D3615 /* Resources */,
			);
			buildRules = (
			);
			dependencies = (
				0F6380FA1BDE5AEE000D3615 /* PBXTargetDependency */,
			);
			name = FibonacciAppTests;
			productName = FibonacciAppTests;
			productReference = 0F6380F81BDE5AEE000D3615 /* FibonacciAppTests.xctest */;
			productType = "com.apple.product-type.bundle.unit-test";
		};
		0F6381021BDE5AEE000D3615 /* FibonacciAppUITests */ = {
			isa = PBXNativeTarget;
			buildConfigurationList = 0F6381121BDE5AEE000D3615 /* Build configuration list for PBXNativeTarget "FibonacciAppUITests" */;
			buildPhases = (
				0F6380FF1BDE5AEE000D3615 /* Sources */,
				0F6381001BDE5AEE000D3615 /* Frameworks */,
				0F6381011BDE5AEE000D3615 /* Resources */,
			);
			buildRules = (
			);
			dependencies = (
				0F6381051BDE5AEE000D3615 /* PBXTargetDependency */,
			);
			name = FibonacciAppUITests;
			productName = FibonacciAppUITests;
			productReference = 0F6381031BDE5AEE000D3615 /* FibonacciAppUITests.xctest */;
			productType = "com.apple.product-type.bundle.ui-testing";
		};
/* End PBXNativeTarget section */

/* Begin PBXProject section */
		0F6380DC1BDE5AEE000D3615 /* Project object */ = {
			isa = PBXProject;
			attributes = {
				LastUpgradeCheck = 0700;
				ORGANIZATIONNAME = "Kira Godshall";
				TargetAttributes = {
					0F6380E31BDE5AEE000D3615 = {
						CreatedOnToolsVersion = 7.0.1;
					};
					0F6380F71BDE5AEE000D3615 = {
						CreatedOnToolsVersion = 7.0.1;
						TestTargetID = 0F6380E31BDE5AEE000D3615;
					};
					0F6381021BDE5AEE000D3615 = {
						CreatedOnToolsVersion = 7.0.1;
						TestTargetID = 0F6380E31BDE5AEE000D3615;
					};
				};
			};
			buildConfigurationList = 0F6380DF1BDE5AEE000D3615 /* Build configuration list for PBXProject "FibonacciApp" */;
			compatibilityVersion = "Xcode 3.2";
			developmentRegion = English;
			hasScannedForEncodings = 0;
			knownRegions = (
				en,
				Base,
			);
			mainGroup = 0F6380DB1BDE5AEE000D3615;
			productRefGroup = 0F6380E51BDE5AEE000D3615 /* Products */;
			projectDirPath = "";
			projectRoot = "";
			targets = (
				0F6380E31BDE5AEE000D3615 /* FibonacciApp */,
				0F6380F71BDE5AEE000D3615 /* FibonacciAppTests */,
				0F6381021BDE5AEE000D3615 /* FibonacciAppUITests */,
			);
		};
/* End PBXProject section */

/* Begin PBXResourcesBuildPhase section */
		0F6380E21BDE5AEE000D3615 /* Resources */ = {
			isa = PBXResourcesBuildPhase;
			buildActionMask = 2147483647;
			files = (
				0F6380F21BDE5AEE000D3615 /* LaunchScreen.storyboard in Resources */,
				0F6380EF1BDE5AEE000D3615 /* Assets.xcassets in Resources */,
				0F6380ED1BDE5AEE000D3615 /* Main.storyboard in Resources */,
			);
			runOnlyForDeploymentPostprocessing = 0;
		};
		0F6380F61BDE5AEE000D3615 /* Resources */ = {
			isa = PBXResourcesBuildPhase;
			buildActionMask = 2147483647;
			files = (
			);
			runOnlyForDeploymentPostprocessing = 0;
		};
		0F6381011BDE5AEE000D3615 /* Resources */ = {
			isa = PBXResourcesBuildPhase;
			buildActionMask = 2147483647;
			files = (
			);
			runOnlyForDeploymentPostprocessing = 0;
		};
/* End PBXResourcesBuildPhase section */

/* Begin PBXSourcesBuildPhase section */
		0F6380E01BDE5AEE000D3615 /* Sources */ = {
			isa = PBXSourcesBuildPhase;
			buildActionMask = 2147483647;
			files = (
				0F6380EA1BDE5AEE000D3615 /* ViewController.swift in Sources */,
				0F6380E81BDE5AEE000D3615 /* AppDelegate.swift in Sources */,
			);
			runOnlyForDeploymentPostprocessing = 0;
		};
		0F6380F41BDE5AEE000D3615 /* Sources */ = {
			isa = PBXSourcesBuildPhase;
			buildActionMask = 2147483647;
			files = (
				0F6380FD1BDE5AEE000D3615 /* FibonacciAppTests.swift in Sources */,
			);
			runOnlyForDeploymentPostprocessing = 0;
		};
		0F6380FF1BDE5AEE000D3615 /* Sources */ = {
			isa = PBXSourcesBuildPhase;
			buildActionMask = 2147483647;
			files = (
				0F6381081BDE5AEE000D3615 /* FibonacciAppUITests.swift in Sources */,
			);
			runOnlyForDeploymentPostprocessing = 0;
		};
/* End PBXSourcesBuildPhase section */

/* Begin PBXTargetDependency section */
		0F6380FA1BDE5AEE000D3615 /* PBXTargetDependency */ = {
			isa = PBXTargetDependency;
			target = 0F6380E31BDE5AEE000D3615 /* FibonacciApp */;
			targetProxy = 0F6380F91BDE5AEE000D3615 /* PBXContainerItemProxy */;
		};
		0F6381051BDE5AEE000D3615 /* PBXTargetDependency */ = {
			isa = PBXTargetDependency;
			target = 0F6380E31BDE5AEE000D3615 /* FibonacciApp */;
			targetProxy = 0F6381041BDE5AEE000D3615 /* PBXContainerItemProxy */;
		};
/* End PBXTargetDependency section */

/* Begin PBXVariantGroup section */
		0F6380EB1BDE5AEE000D3615 /* Main.storyboard */ = {
			isa = PBXVariantGroup;
			children = (
				0F6380EC1BDE5AEE000D3615 /* Base */,
			);
			name = Main.storyboard;
			sourceTree = "<group>";
		};
		0F6380F01BDE5AEE000D3615 /* LaunchScreen.storyboard */ = {
			isa = PBXVariantGroup;
			children = (
				0F6380F11BDE5AEE000D3615 /* Base */,
			);
			name = LaunchScreen.storyboard;
			sourceTree = "<group>";
		};
/* End PBXVariantGroup section */

/* Begin XCBuildConfiguration section */
		0F63810A1BDE5AEE000D3615 /* Debug */ = {
			isa = XCBuildConfiguration;
			buildSettings = {
				ALWAYS_SEARCH_USER_PATHS = NO;
				CLANG_CXX_LANGUAGE_STANDARD = "gnu++0x";
				CLANG_CXX_LIBRARY = "libc++";
				CLANG_ENABLE_MODULES = YES;
				CLANG_ENABLE_OBJC_ARC = YES;
				CLANG_WARN_BOOL_CONVERSION = YES;
				CLANG_WARN_CONSTANT_CONVERSION = YES;
				CLANG_WARN_DIRECT_OBJC_ISA_USAGE = YES_ERROR;
				CLANG_WARN_EMPTY_BODY = YES;
				CLANG_WARN_ENUM_CONVERSION = YES;
				CLANG_WARN_INT_CONVERSION = YES;
				CLANG_WARN_OBJC_ROOT_CLASS = YES_ERROR;
				CLANG_WARN_UNREACHABLE_CODE = YES;
				CLANG_WARN__DUPLICATE_METHOD_MATCH = YES;
				"CODE_SIGN_IDENTITY[sdk=iphoneos*]" = "iPhone Developer";
				COPY_PHASE_STRIP = NO;
				DEBUG_INFORMATION_FORMAT = dwarf;
				ENABLE_STRICT_OBJC_MSGSEND = YES;
				ENABLE_TESTABILITY = YES;
				GCC_C_LANGUAGE_STANDARD = gnu99;
				GCC_DYNAMIC_NO_PIC = NO;
				GCC_NO_COMMON_BLOCKS = YES;
				GCC_OPTIMIZATION_LEVEL = 0;
				GCC_PREPROCESSOR_DEFINITIONS = (
					"DEBUG=1",
					"$(inherited)",
				);
				GCC_WARN_64_TO_32_BIT_CONVERSION = YES;
				GCC_WARN_ABOUT_RETURN_TYPE = YES_ERROR;
				GCC_WARN_UNDECLARED_SELECTOR = YES;
				GCC_WARN_UNINITIALIZED_AUTOS = YES_AGGRESSIVE;
				GCC_WARN_UNUSED_FUNCTION = YES;
				GCC_WARN_UNUSED_VARIABLE = YES;
				IPHONEOS_DEPLOYMENT_TARGET = 9.0;
				MTL_ENABLE_DEBUG_INFO = YES;
				ONLY_ACTIVE_ARCH = YES;
				SDKROOT = iphoneos;
				SWIFT_OPTIMIZATION_LEVEL = "-Onone";
			};
			name = Debug;
		};
		0F63810B1BDE5AEE000D3615 /* Release */ = {
			isa = XCBuildConfiguration;
			buildSettings = {
				ALWAYS_SEARCH_USER_PATHS = NO;
				CLANG_CXX_LANGUAGE_STANDARD = "gnu++0x";
				CLANG_CXX_LIBRARY = "libc++";
				CLANG_ENABLE_MODULES = YES;
				CLANG_ENABLE_OBJC_ARC = YES;
				CLANG_WARN_BOOL_CONVERSION = YES;
				CLANG_WARN_CONSTANT_CONVERSION = YES;
				CLANG_WARN_DIRECT_OBJC_ISA_USAGE = YES_ERROR;
				CLANG_WARN_EMPTY_BODY = YES;
				CLANG_WARN_ENUM_CONVERSION = YES;
				CLANG_WARN_INT_CONVERSION = YES;
				CLANG_WARN_OBJC_ROOT_CLASS = YES_ERROR;
				CLANG_WARN_UNREACHABLE_CODE = YES;
				CLANG_WARN__DUPLICATE_METHOD_MATCH = YES;
				"CODE_SIGN_IDENTITY[sdk=iphoneos*]" = "iPhone Developer";
				COPY_PHASE_STRIP = NO;
				DEBUG_INFORMATION_FORMAT = "dwarf-with-dsym";
				ENABLE_NS_ASSERTIONS = NO;
				ENABLE_STRICT_OBJC_MSGSEND = YES;
				GCC_C_LANGUAGE_STANDARD = gnu99;
				GCC_NO_COMMON_BLOCKS = YES;
				GCC_WARN_64_TO_32_BIT_CONVERSION = YES;
				GCC_WARN_ABOUT_RETURN_TYPE = YES_ERROR;
				GCC_WARN_UNDECLARED_SELECTOR = YES;
				GCC_WARN_UNINITIALIZED_AUTOS = YES_AGGRESSIVE;
				GCC_WARN_UNUSED_FUNCTION = YES;
				GCC_WARN_UNUSED_VARIABLE = YES;
				IPHONEOS_DEPLOYMENT_TARGET = 9.0;
				MTL_ENABLE_DEBUG_INFO = NO;
				SDKROOT = iphoneos;
				VALIDATE_PRODUCT = YES;
			};
			name = Release;
		};
		0F63810D1BDE5AEE000D3615 /* Debug */ = {
			isa = XCBuildConfiguration;
			buildSettings = {
				ASSETCATALOG_COMPILER_APPICON_NAME = AppIcon;
				INFOPLIST_FILE = FibonacciApp/Info.plist;
				LD_RUNPATH_SEARCH_PATHS = "$(inherited) @executable_path/Frameworks";
				PRODUCT_BUNDLE_IDENTIFIER = com.thinkful.FibonacciApp;
				PRODUCT_NAME = "$(TARGET_NAME)";
			};
			name = Debug;
		};
		0F63810E1BDE5AEE000D3615 /* Release */ = {
			isa = XCBuildConfiguration;
			buildSettings = {
				ASSETCATALOG_COMPILER_APPICON_NAME = AppIcon;
				INFOPLIST_FILE = FibonacciApp/Info.plist;
				LD_RUNPATH_SEARCH_PATHS = "$(inherited) @executable_path/Frameworks";
				PRODUCT_BUNDLE_IDENTIFIER = com.thinkful.FibonacciApp;
				PRODUCT_NAME = "$(TARGET_NAME)";
			};
			name = Release;
		};
		0F6381101BDE5AEE000D3615 /* Debug */ = {
			isa = XCBuildConfiguration;
			buildSettings = {
				BUNDLE_LOADER = "$(TEST_HOST)";
				INFOPLIST_FILE = FibonacciAppTests/Info.plist;
				LD_RUNPATH_SEARCH_PATHS = "$(inherited) @executable_path/Frameworks @loader_path/Frameworks";
				PRODUCT_BUNDLE_IDENTIFIER = com.thinkful.FibonacciAppTests;
				PRODUCT_NAME = "$(TARGET_NAME)";
				TEST_HOST = "$(BUILT_PRODUCTS_DIR)/FibonacciApp.app/FibonacciApp";
			};
			name = Debug;
		};
		0F6381111BDE5AEE000D3615 /* Release */ = {
			isa = XCBuildConfiguration;
			buildSettings = {
				BUNDLE_LOADER = "$(TEST_HOST)";
				INFOPLIST_FILE = FibonacciAppTests/Info.plist;
				LD_RUNPATH_SEARCH_PATHS = "$(inherited) @executable_path/Frameworks @loader_path/Frameworks";
				PRODUCT_BUNDLE_IDENTIFIER = com.thinkful.FibonacciAppTests;
				PRODUCT_NAME = "$(TARGET_NAME)";
				TEST_HOST = "$(BUILT_PRODUCTS_DIR)/FibonacciApp.app/FibonacciApp";
			};
			name = Release;
		};
		0F6381131BDE5AEE000D3615 /* Debug */ = {
			isa = XCBuildConfiguration;
			buildSettings = {
				INFOPLIST_FILE = FibonacciAppUITests/Info.plist;
				LD_RUNPATH_SEARCH_PATHS = "$(inherited) @executable_path/Frameworks @loader_path/Frameworks";
				PRODUCT_BUNDLE_IDENTIFIER = com.thinkful.FibonacciAppUITests;
				PRODUCT_NAME = "$(TARGET_NAME)";
				TEST_TARGET_NAME = FibonacciApp;
				USES_XCTRUNNER = YES;
			};
			name = Debug;
		};
		0F6381141BDE5AEE000D3615 /* Release */ = {
			isa = XCBuildConfiguration;
			buildSettings = {
				INFOPLIST_FILE = FibonacciAppUITests/Info.plist;
				LD_RUNPATH_SEARCH_PATHS = "$(inherited) @executable_path/Frameworks @loader_path/Frameworks";
				PRODUCT_BUNDLE_IDENTIFIER = com.thinkful.FibonacciAppUITests;
				PRODUCT_NAME = "$(TARGET_NAME)";
				TEST_TARGET_NAME = FibonacciApp;
				USES_XCTRUNNER = YES;
			};
			name = Release;
		};
/* End XCBuildConfiguration section */

/* Begin XCConfigurationList section */
		0F6380DF1BDE5AEE000D3615 /* Build configuration list for PBXProject "FibonacciApp" */ = {
			isa = XCConfigurationList;
			buildConfigurations = (
				0F63810A1BDE5AEE000D3615 /* Debug */,
				0F63810B1BDE5AEE000D3615 /* Release */,
			);
			defaultConfigurationIsVisible = 0;
			defaultConfigurationName = Release;
		};
		0F63810C1BDE5AEE000D3615 /* Build configuration list for PBXNativeTarget "FibonacciApp" */ = {
			isa = XCConfigurationList;
			buildConfigurations = (
				0F63810D1BDE5AEE000D3615 /* Debug */,
				0F63810E1BDE5AEE000D3615 /* Release */,
			);
			defaultConfigurationIsVisible = 0;
		};
		0F63810F1BDE5AEE000D3615 /* Build configuration list for PBXNativeTarget "FibonacciAppTests" */ = {
			isa = XCConfigurationList;
			buildConfigurations = (
				0F6381101BDE5AEE000D3615 /* Debug */,
				0F6381111BDE5AEE000D3615 /* Release */,
			);
			defaultConfigurationIsVisible = 0;
		};
		0F6381121BDE5AEE000D3615 /* Build configuration list for PBXNativeTarget "FibonacciAppUITests" */ = {
			isa = XCConfigurationList;
			buildConfigurations = (
				0F6381131BDE5AEE000D3615 /* Debug */,
				0F6381141BDE5AEE000D3615 /* Release */,
			);
			defaultConfigurationIsVisible = 0;
		};
/* End XCConfigurationList section */
	};
	rootObject = 0F6380DC1BDE5AEE000D3615 /* Project object */;
}
